
Microsoft Visual Studio Solution File, Format Version 12.00
# Visual Studio Version 16
VisualStudioVersion = 16.0.31515.178
MinimumVisualStudioVersion = 10.0.40219.1
Project("{FAE04EC0-301F-11D3-BF4B-00C04F79EFBC}") = "For", "For\For.csproj", "{B1521AA3-509F-4DEE-ACD6-89C8CC6970B5}"
EndProject
Global
	GlobalSection(SolutionConfigurationPlatforms) = preSolution
		Debug|Any CPU = Debug|Any CPU
		Release|Any CPU = Release|Any CPU
	EndGlobalSection
	GlobalSection(ProjectConfigurationPlatforms) = postSolution
		{B1521AA3-509F-4DEE-ACD6-89C8CC6970B5}.Debug|Any CPU.ActiveCfg = Debug|Any CPU
		{B1521AA3-509F-4DEE-ACD6-89C8CC6970B5}.Debug|Any CPU.Build.0 = Debug|Any CPU
		{B1521AA3-509F-4DEE-ACD6-89C8CC6970B5}.Release|Any CPU.ActiveCfg = Release|Any CPU
		{B1521AA3-509F-4DEE-ACD6-89C8CC6970B5}.Release|Any CPU.Build.0 = Release|Any CPU
	EndGlobalSection
	GlobalSection(SolutionProperties) = preSolution
		HideSolutionNode = FALSE
	EndGlobalSection
	GlobalSection(ExtensibilityGlobals) = postSolution
		SolutionGuid = {4442DFB2-8300-472D-85BC-B4824AA75E89}
	EndGlobalSection
EndGlobal
