
Microsoft Visual Studio Solution File, Format Version 12.00
# Visual Studio Version 16
VisualStudioVersion = 16.0.31515.178
MinimumVisualStudioVersion = 10.0.40219.1
Project("{FAE04EC0-301F-11D3-BF4B-00C04F79EFBC}") = "Switch-Case", "Switch-Case\Switch-Case.csproj", "{AA8FA91C-B4A6-46ED-8DF4-31E91168DB5D}"
EndProject
Global
	GlobalSection(SolutionConfigurationPlatforms) = preSolution
		Debug|Any CPU = Debug|Any CPU
		Release|Any CPU = Release|Any CPU
	EndGlobalSection
	GlobalSection(ProjectConfigurationPlatforms) = postSolution
		{AA8FA91C-B4A6-46ED-8DF4-31E91168DB5D}.Debug|Any CPU.ActiveCfg = Debug|Any CPU
		{AA8FA91C-B4A6-46ED-8DF4-31E91168DB5D}.Debug|Any CPU.Build.0 = Debug|Any CPU
		{AA8FA91C-B4A6-46ED-8DF4-31E91168DB5D}.Release|Any CPU.ActiveCfg = Release|Any CPU
		{AA8FA91C-B4A6-46ED-8DF4-31E91168DB5D}.Release|Any CPU.Build.0 = Release|Any CPU
	EndGlobalSection
	GlobalSection(SolutionProperties) = preSolution
		HideSolutionNode = FALSE
	EndGlobalSection
	GlobalSection(ExtensibilityGlobals) = postSolution
		SolutionGuid = {EE66F342-130A-43EF-B58A-EF236C98A5A0}
	EndGlobalSection
EndGlobal
