
Microsoft Visual Studio Solution File, Format Version 12.00
# Visual Studio Version 16
VisualStudioVersion = 16.0.31515.178
MinimumVisualStudioVersion = 10.0.40219.1
Project("{FAE04EC0-301F-11D3-BF4B-00C04F79EFBC}") = "Writeline-Readlıne", "Writeline-Readlıne\Writeline-Readlıne.csproj", "{C009C876-1DF1-48BA-9BAD-B20BE00B46D5}"
EndProject
Global
	GlobalSection(SolutionConfigurationPlatforms) = preSolution
		Debug|Any CPU = Debug|Any CPU
		Release|Any CPU = Release|Any CPU
	EndGlobalSection
	GlobalSection(ProjectConfigurationPlatforms) = postSolution
		{C009C876-1DF1-48BA-9BAD-B20BE00B46D5}.Debug|Any CPU.ActiveCfg = Debug|Any CPU
		{C009C876-1DF1-48BA-9BAD-B20BE00B46D5}.Debug|Any CPU.Build.0 = Debug|Any CPU
		{C009C876-1DF1-48BA-9BAD-B20BE00B46D5}.Release|Any CPU.ActiveCfg = Release|Any CPU
		{C009C876-1DF1-48BA-9BAD-B20BE00B46D5}.Release|Any CPU.Build.0 = Release|Any CPU
	EndGlobalSection
	GlobalSection(SolutionProperties) = preSolution
		HideSolutionNode = FALSE
	EndGlobalSection
	GlobalSection(ExtensibilityGlobals) = postSolution
		SolutionGuid = {94701CE2-3368-4461-A5B1-4F8691D36B46}
	EndGlobalSection
EndGlobal
